// !$*UTF8*$!
{
	archiveVersion = 1;
	classes = {
	};
	objectVersion = 46;
	objects = {

/* Begin PBXBuildFile section */
		8F7AECB41D2AB31000D0DAF1 /* AppDelegate.swift in Sources */ = {isa = PBXBuildFile; fileRef = 8F7AECA71D2AB31000D0DAF1 /* AppDelegate.swift */; };
		8F7AECB51D2AB31000D0DAF1 /* Assets.xcassets in Resources */ = {isa = PBXBuildFile; fileRef = 8F7AECA81D2AB31000D0DAF1 /* Assets.xcassets */; };
		8F7AECB61D2AB31000D0DAF1 /* FilterTableViewController.swift in Sources */ = {isa = PBXBuildFile; fileRef = 8F7AECA91D2AB31000D0DAF1 /* FilterTableViewController.swift */; };
		8F7AECB71D2AB31000D0DAF1 /* Info.plist in Resources */ = {isa = PBXBuildFile; fileRef = 8F7AECAA1D2AB31000D0DAF1 /* Info.plist */; };
		8F7AECB81D2AB31000D0DAF1 /* Main.storyboard in Resources */ = {isa = PBXBuildFile; fileRef = 8F7AECAB1D2AB31000D0DAF1 /* Main.storyboard */; };
		8F7AECB91D2AB31000D0DAF1 /* Person.swift in Sources */ = {isa = PBXBuildFile; fileRef = 8F7AECAC1D2AB31000D0DAF1 /* Person.swift */; };
		8F7AECBA1D2AB31000D0DAF1 /* SearchViewController.swift in Sources */ = {isa = PBXBuildFile; fileRef = 8F7AECAD1D2AB31000D0DAF1 /* SearchViewController.swift */; };
		8F7AECBB1D2AB31000D0DAF1 /* SecondFakeSearchViewController.swift in Sources */ = {isa = PBXBuildFile; fileRef = 8F7AECAE1D2AB31000D0DAF1 /* SecondFakeSearchViewController.swift */; };
		8F7AECBC1D2AB31000D0DAF1 /* SingleViewViewController.swift in Sources */ = {isa = PBXBuildFile; fileRef = 8F7AECAF1D2AB31000D0DAF1 /* SingleViewViewController.swift */; };
		8F7AECBD1D2AB31000D0DAF1 /* TermsViewController.swift in Sources */ = {isa = PBXBuildFile; fileRef = 8F7AECB01D2AB31000D0DAF1 /* TermsViewController.swift */; };
		8F7AECBE1D2AB31000D0DAF1 /* TitleScreenViewController.swift in Sources */ = {isa = PBXBuildFile; fileRef = 8F7AECB11D2AB31000D0DAF1 /* TitleScreenViewController.swift */; };
		8F7AECBF1D2AB31000D0DAF1 /* ViewController.swift in Sources */ = {isa = PBXBuildFile; fileRef = 8F7AECB21D2AB31000D0DAF1 /* ViewController.swift */; };
		8F7AECC01D2AB31000D0DAF1 /* Base.lproj in Resources */ = {isa = PBXBuildFile; fileRef = 8F7AECB31D2AB31000D0DAF1 /* Base.lproj */; };
/* End PBXBuildFile section */

/* Begin PBXFileReference section */
		8F7AEC911D2AB2BB00D0DAF1 /* NamesAndFaces.app */ = {isa = PBXFileReference; explicitFileType = wrapper.application; includeInIndex = 0; path = NamesAndFaces.app; sourceTree = BUILT_PRODUCTS_DIR; };
		8F7AECA61D2AB31000D0DAF1 /* NamesAndFaces-Bridging-Header.h */ = {isa = PBXFileReference; lastKnownFileType = sourcecode.c.h; path = "NamesAndFaces-Bridging-Header.h"; sourceTree = "<group>"; };
		8F7AECA71D2AB31000D0DAF1 /* AppDelegate.swift */ = {isa = PBXFileReference; fileEncoding = 4; lastKnownFileType = sourcecode.swift; name = AppDelegate.swift; path = NamesAndFaces/AppDelegate.swift; sourceTree = "<group>"; };
		8F7AECA81D2AB31000D0DAF1 /* Assets.xcassets */ = {isa = PBXFileReference; lastKnownFileType = folder.assetcatalog; name = Assets.xcassets; path = NamesAndFaces/Assets.xcassets; sourceTree = "<group>"; };
		8F7AECA91D2AB31000D0DAF1 /* FilterTableViewController.swift */ = {isa = PBXFileReference; fileEncoding = 4; lastKnownFileType = sourcecode.swift; name = FilterTableViewController.swift; path = NamesAndFaces/FilterTableViewController.swift; sourceTree = "<group>"; };
		8F7AECAA1D2AB31000D0DAF1 /* Info.plist */ = {isa = PBXFileReference; fileEncoding = 4; lastKnownFileType = text.plist.xml; name = Info.plist; path = NamesAndFaces/Info.plist; sourceTree = "<group>"; };
		8F7AECAB1D2AB31000D0DAF1 /* Main.storyboard */ = {isa = PBXFileReference; fileEncoding = 4; lastKnownFileType = file.storyboard; name = Main.storyboard; path = NamesAndFaces/Main.storyboard; sourceTree = "<group>"; };
		8F7AECAC1D2AB31000D0DAF1 /* Person.swift */ = {isa = PBXFileReference; fileEncoding = 4; lastKnownFileType = sourcecode.swift; name = Person.swift; path = NamesAndFaces/Person.swift; sourceTree = "<group>"; };
		8F7AECAD1D2AB31000D0DAF1 /* SearchViewController.swift */ = {isa = PBXFileReference; fileEncoding = 4; lastKnownFileType = sourcecode.swift; name = SearchViewController.swift; path = NamesAndFaces/SearchViewController.swift; sourceTree = "<group>"; };
		8F7AECAE1D2AB31000D0DAF1 /* SecondFakeSearchViewController.swift */ = {isa = PBXFileReference; fileEncoding = 4; lastKnownFileType = sourcecode.swift; name = SecondFakeSearchViewController.swift; path = NamesAndFaces/SecondFakeSearchViewController.swift; sourceTree = "<group>"; };
		8F7AECAF1D2AB31000D0DAF1 /* SingleViewViewController.swift */ = {isa = PBXFileReference; fileEncoding = 4; lastKnownFileType = sourcecode.swift; name = SingleViewViewController.swift; path = NamesAndFaces/SingleViewViewController.swift; sourceTree = "<group>"; };
		8F7AECB01D2AB31000D0DAF1 /* TermsViewController.swift */ = {isa = PBXFileReference; fileEncoding = 4; lastKnownFileType = sourcecode.swift; name = TermsViewController.swift; path = NamesAndFaces/TermsViewController.swift; sourceTree = "<group>"; };
		8F7AECB11D2AB31000D0DAF1 /* TitleScreenViewController.swift */ = {isa = PBXFileReference; fileEncoding = 4; lastKnownFileType = sourcecode.swift; name = TitleScreenViewController.swift; path = NamesAndFaces/TitleScreenViewController.swift; sourceTree = "<group>"; };
		8F7AECB21D2AB31000D0DAF1 /* ViewController.swift */ = {isa = PBXFileReference; fileEncoding = 4; lastKnownFileType = sourcecode.swift; name = ViewController.swift; path = NamesAndFaces/ViewController.swift; sourceTree = "<group>"; };
		8F7AECB31D2AB31000D0DAF1 /* Base.lproj */ = {isa = PBXFileReference; lastKnownFileType = folder; name = Base.lproj; path = NamesAndFaces/Base.lproj; sourceTree = "<group>"; };
/* End PBXFileReference section */

/* Begin PBXFrameworksBuildPhase section */
		8F7AEC8E1D2AB2BB00D0DAF1 /* Frameworks */ = {
			isa = PBXFrameworksBuildPhase;
			buildActionMask = 2147483647;
			files = (
			);
			runOnlyForDeploymentPostprocessing = 0;
		};
/* End PBXFrameworksBuildPhase section */

/* Begin PBXGroup section */
		8F7AEC881D2AB2BB00D0DAF1 = {
			isa = PBXGroup;
			children = (
				8F7AECA71D2AB31000D0DAF1 /* AppDelegate.swift */,
				8F7AECA81D2AB31000D0DAF1 /* Assets.xcassets */,
				8F7AECA91D2AB31000D0DAF1 /* FilterTableViewController.swift */,
				8F7AECAA1D2AB31000D0DAF1 /* Info.plist */,
				8F7AECAB1D2AB31000D0DAF1 /* Main.storyboard */,
				8F7AECAC1D2AB31000D0DAF1 /* Person.swift */,
				8F7AECAD1D2AB31000D0DAF1 /* SearchViewController.swift */,
				8F7AECAE1D2AB31000D0DAF1 /* SecondFakeSearchViewController.swift */,
				8F7AECAF1D2AB31000D0DAF1 /* SingleViewViewController.swift */,
				8F7AECB01D2AB31000D0DAF1 /* TermsViewController.swift */,
				8F7AECB11D2AB31000D0DAF1 /* TitleScreenViewController.swift */,
				8F7AECB21D2AB31000D0DAF1 /* ViewController.swift */,
				8F7AECB31D2AB31000D0DAF1 /* Base.lproj */,
				8F7AEC931D2AB2BB00D0DAF1 /* NamesAndFaces */,
				8F7AEC921D2AB2BB00D0DAF1 /* Products */,
				8F7AECA61D2AB31000D0DAF1 /* NamesAndFaces-Bridging-Header.h */,
			);
			sourceTree = "<group>";
		};
		8F7AEC921D2AB2BB00D0DAF1 /* Products */ = {
			isa = PBXGroup;
			children = (
				8F7AEC911D2AB2BB00D0DAF1 /* NamesAndFaces.app */,
			);
			name = Products;
			sourceTree = "<group>";
		};
		8F7AEC931D2AB2BB00D0DAF1 /* NamesAndFaces */ = {
			isa = PBXGroup;
			children = (
			);
			path = NamesAndFaces;
			sourceTree = "<group>";
		};
/* End PBXGroup section */

/* Begin PBXNativeTarget section */
		8F7AEC901D2AB2BB00D0DAF1 /* NamesAndFaces */ = {
			isa = PBXNativeTarget;
			buildConfigurationList = 8F7AECA31D2AB2BB00D0DAF1 /* Build configuration list for PBXNativeTarget "NamesAndFaces" */;
			buildPhases = (
				8F7AEC8D1D2AB2BB00D0DAF1 /* Sources */,
				8F7AEC8E1D2AB2BB00D0DAF1 /* Frameworks */,
				8F7AEC8F1D2AB2BB00D0DAF1 /* Resources */,
			);
			buildRules = (
			);
			dependencies = (
			);
			name = NamesAndFaces;
			productName = NamesAndFaces;
			productReference = 8F7AEC911D2AB2BB00D0DAF1 /* NamesAndFaces.app */;
			productType = "com.apple.product-type.application";
		};
/* End PBXNativeTarget section */

/* Begin PBXProject section */
		8F7AEC891D2AB2BB00D0DAF1 /* Project object */ = {
			isa = PBXProject;
			attributes = {
				LastSwiftUpdateCheck = 0730;
				LastUpgradeCheck = 0730;
				ORGANIZATIONNAME = Hotchkiss;
				TargetAttributes = {
					8F7AEC901D2AB2BB00D0DAF1 = {
						CreatedOnToolsVersion = 7.3.1;
					};
				};
			};
			buildConfigurationList = 8F7AEC8C1D2AB2BB00D0DAF1 /* Build configuration list for PBXProject "NamesAndFaces" */;
			compatibilityVersion = "Xcode 3.2";
			developmentRegion = English;
			hasScannedForEncodings = 0;
			knownRegions = (
				en,
				Base,
			);
			mainGroup = 8F7AEC881D2AB2BB00D0DAF1;
			productRefGroup = 8F7AEC921D2AB2BB00D0DAF1 /* Products */;
			projectDirPath = "";
			projectRoot = "";
			targets = (
				8F7AEC901D2AB2BB00D0DAF1 /* NamesAndFaces */,
			);
		};
/* End PBXProject section */

/* Begin PBXResourcesBuildPhase section */
		8F7AEC8F1D2AB2BB00D0DAF1 /* Resources */ = {
			isa = PBXResourcesBuildPhase;
			buildActionMask = 2147483647;
			files = (
				8F7AECB81D2AB31000D0DAF1 /* Main.storyboard in Resources */,
				8F7AECB71D2AB31000D0DAF1 /* Info.plist in Resources */,
				8F7AECC01D2AB31000D0DAF1 /* Base.lproj in Resources */,
				8F7AECB51D2AB31000D0DAF1 /* Assets.xcassets in Resources */,
			);
			runOnlyForDeploymentPostprocessing = 0;
		};
/* End PBXResourcesBuildPhase section */

/* Begin PBXSourcesBuildPhase section */
		8F7AEC8D1D2AB2BB00D0DAF1 /* Sources */ = {
			isa = PBXSourcesBuildPhase;
			buildActionMask = 2147483647;
			files = (
				8F7AECB91D2AB31000D0DAF1 /* Person.swift in Sources */,
				8F7AECBB1D2AB31000D0DAF1 /* SecondFakeSearchViewController.swift in Sources */,
				8F7AECB41D2AB31000D0DAF1 /* AppDelegate.swift in Sources */,
				8F7AECBF1D2AB31000D0DAF1 /* ViewController.swift in Sources */,
				8F7AECBE1D2AB31000D0DAF1 /* TitleScreenViewController.swift in Sources */,
				8F7AECBA1D2AB31000D0DAF1 /* SearchViewController.swift in Sources */,
				8F7AECB61D2AB31000D0DAF1 /* FilterTableViewController.swift in Sources */,
				8F7AECBC1D2AB31000D0DAF1 /* SingleViewViewController.swift in Sources */,
				8F7AECBD1D2AB31000D0DAF1 /* TermsViewController.swift in Sources */,
			);
			runOnlyForDeploymentPostprocessing = 0;
		};
/* End PBXSourcesBuildPhase section */

/* Begin XCBuildConfiguration section */
		8F7AECA11D2AB2BB00D0DAF1 /* Debug */ = {
			isa = XCBuildConfiguration;
			buildSettings = {
				ALWAYS_SEARCH_USER_PATHS = NO;
				CLANG_ANALYZER_NONNULL = YES;
				CLANG_CXX_LANGUAGE_STANDARD = "gnu++0x";
				CLANG_CXX_LIBRARY = "libc++";
				CLANG_ENABLE_MODULES = YES;
				CLANG_ENABLE_OBJC_ARC = YES;
				CLANG_WARN_BOOL_CONVERSION = YES;
				CLANG_WARN_CONSTANT_CONVERSION = YES;
				CLANG_WARN_DIRECT_OBJC_ISA_USAGE = YES_ERROR;
				CLANG_WARN_EMPTY_BODY = YES;
				CLANG_WARN_ENUM_CONVERSION = YES;
				CLANG_WARN_INT_CONVERSION = YES;
				CLANG_WARN_OBJC_ROOT_CLASS = YES_ERROR;
				CLANG_WARN_UNREACHABLE_CODE = YES;
				CLANG_WARN__DUPLICATE_METHOD_MATCH = YES;
				"CODE_SIGN_IDENTITY[sdk=iphoneos*]" = "iPhone Developer";
				COPY_PHASE_STRIP = NO;
				DEBUG_INFORMATION_FORMAT = dwarf;
				ENABLE_STRICT_OBJC_MSGSEND = YES;
				ENABLE_TESTABILITY = YES;
				GCC_C_LANGUAGE_STANDARD = gnu99;
				GCC_DYNAMIC_NO_PIC = NO;
				GCC_NO_COMMON_BLOCKS = YES;
				GCC_OPTIMIZATION_LEVEL = 0;
				GCC_PREPROCESSOR_DEFINITIONS = (
					"DEBUG=1",
					"$(inherited)",
				);
				GCC_WARN_64_TO_32_BIT_CONVERSION = YES;
				GCC_WARN_ABOUT_RETURN_TYPE = YES_ERROR;
				GCC_WARN_UNDECLARED_SELECTOR = YES;
				GCC_WARN_UNINITIALIZED_AUTOS = YES_AGGRESSIVE;
				GCC_WARN_UNUSED_FUNCTION = YES;
				GCC_WARN_UNUSED_VARIABLE = YES;
				IPHONEOS_DEPLOYMENT_TARGET = 9.3;
				MTL_ENABLE_DEBUG_INFO = YES;
				ONLY_ACTIVE_ARCH = YES;
				SDKROOT = iphoneos;
				SWIFT_OPTIMIZATION_LEVEL = "-Onone";
				TARGETED_DEVICE_FAMILY = "1,2";
			};
			name = Debug;
		};
		8F7AECA21D2AB2BB00D0DAF1 /* Release */ = {
			isa = XCBuildConfiguration;
			buildSettings = {
				ALWAYS_SEARCH_USER_PATHS = NO;
				CLANG_ANALYZER_NONNULL = YES;
				CLANG_CXX_LANGUAGE_STANDARD = "gnu++0x";
				CLANG_CXX_LIBRARY = "libc++";
				CLANG_ENABLE_MODULES = YES;
				CLANG_ENABLE_OBJC_ARC = YES;
				CLANG_WARN_BOOL_CONVERSION = YES;
				CLANG_WARN_CONSTANT_CONVERSION = YES;
				CLANG_WARN_DIRECT_OBJC_ISA_USAGE = YES_ERROR;
				CLANG_WARN_EMPTY_BODY = YES;
				CLANG_WARN_ENUM_CONVERSION = YES;
				CLANG_WARN_INT_CONVERSION = YES;
				CLANG_WARN_OBJC_ROOT_CLASS = YES_ERROR;
				CLANG_WARN_UNREACHABLE_CODE = YES;
				CLANG_WARN__DUPLICATE_METHOD_MATCH = YES;
				"CODE_SIGN_IDENTITY[sdk=iphoneos*]" = "iPhone Developer";
				COPY_PHASE_STRIP = NO;
				DEBUG_INFORMATION_FORMAT = "dwarf-with-dsym";
				ENABLE_NS_ASSERTIONS = NO;
				ENABLE_STRICT_OBJC_MSGSEND = YES;
				GCC_C_LANGUAGE_STANDARD = gnu99;
				GCC_NO_COMMON_BLOCKS = YES;
				GCC_WARN_64_TO_32_BIT_CONVERSION = YES;
				GCC_WARN_ABOUT_RETURN_TYPE = YES_ERROR;
				GCC_WARN_UNDECLARED_SELECTOR = YES;
				GCC_WARN_UNINITIALIZED_AUTOS = YES_AGGRESSIVE;
				GCC_WARN_UNUSED_FUNCTION = YES;
				GCC_WARN_UNUSED_VARIABLE = YES;
				IPHONEOS_DEPLOYMENT_TARGET = 9.3;
				MTL_ENABLE_DEBUG_INFO = NO;
				SDKROOT = iphoneos;
				TARGETED_DEVICE_FAMILY = "1,2";
				VALIDATE_PRODUCT = YES;
			};
			name = Release;
		};
		8F7AECA41D2AB2BB00D0DAF1 /* Debug */ = {
			isa = XCBuildConfiguration;
			buildSettings = {
				ASSETCATALOG_COMPILER_APPICON_NAME = AppIcon;
				CLANG_ENABLE_MODULES = YES;
				INFOPLIST_FILE = NamesAndFaces/Info.plist;
				LD_RUNPATH_SEARCH_PATHS = "$(inherited) @executable_path/Frameworks";
				PRODUCT_BUNDLE_IDENTIFIER = edu.hotchkiss.NamesAndFaces;
				PRODUCT_NAME = "$(TARGET_NAME)";
				SWIFT_OBJC_BRIDGING_HEADER = "NamesAndFaces-Bridging-Header.h";
				SWIFT_OPTIMIZATION_LEVEL = "-Onone";
			};
			name = Debug;
		};
		8F7AECA51D2AB2BB00D0DAF1 /* Release */ = {
			isa = XCBuildConfiguration;
			buildSettings = {
				ASSETCATALOG_COMPILER_APPICON_NAME = AppIcon;
				CLANG_ENABLE_MODULES = YES;
				INFOPLIST_FILE = NamesAndFaces/Info.plist;
				LD_RUNPATH_SEARCH_PATHS = "$(inherited) @executable_path/Frameworks";
				PRODUCT_BUNDLE_IDENTIFIER = edu.hotchkiss.NamesAndFaces;
				PRODUCT_NAME = "$(TARGET_NAME)";
				SWIFT_OBJC_BRIDGING_HEADER = "NamesAndFaces-Bridging-Header.h";
			};
			name = Release;
		};
/* End XCBuildConfiguration section */

/* Begin XCConfigurationList section */
		8F7AEC8C1D2AB2BB00D0DAF1 /* Build configuration list for PBXProject "NamesAndFaces" */ = {
			isa = XCConfigurationList;
			buildConfigurations = (
				8F7AECA11D2AB2BB00D0DAF1 /* Debug */,
				8F7AECA21D2AB2BB00D0DAF1 /* Release */,
			);
			defaultConfigurationIsVisible = 0;
			defaultConfigurationName = Release;
		};
		8F7AECA31D2AB2BB00D0DAF1 /* Build configuration list for PBXNativeTarget "NamesAndFaces" */ = {
			isa = XCConfigurationList;
			buildConfigurations = (
				8F7AECA41D2AB2BB00D0DAF1 /* Debug */,
				8F7AECA51D2AB2BB00D0DAF1 /* Release */,
			);
			defaultConfigurationIsVisible = 0;
		};
/* End XCConfigurationList section */
	};
	rootObject = 8F7AEC891D2AB2BB00D0DAF1 /* Project object */;
}
